// !$*UTF8*$!
{
	archiveVersion = 1;
	classes = {
	};
	objectVersion = 46;
	objects = {

/* Begin PBXBuildFile section */
		375FA5291E0B35E400723F59 /* AppDelegate.swift in Sources */ = {isa = PBXBuildFile; fileRef = 375FA5281E0B35E400723F59 /* AppDelegate.swift */; };
		375FA52E1E0B35E400723F59 /* Main.storyboard in Resources */ = {isa = PBXBuildFile; fileRef = 375FA52C1E0B35E400723F59 /* Main.storyboard */; };
		375FA5301E0B35E400723F59 /* Assets.xcassets in Resources */ = {isa = PBXBuildFile; fileRef = 375FA52F1E0B35E400723F59 /* Assets.xcassets */; };
		375FA5331E0B35E400723F59 /* LaunchScreen.storyboard in Resources */ = {isa = PBXBuildFile; fileRef = 375FA5311E0B35E400723F59 /* LaunchScreen.storyboard */; };
		375FA53B1E0B364700723F59 /* BandsViewController.swift in Sources */ = {isa = PBXBuildFile; fileRef = 375FA53A1E0B364700723F59 /* BandsViewController.swift */; };
		375FA53D1E0B366700723F59 /* bands.json in Resources */ = {isa = PBXBuildFile; fileRef = 375FA53C1E0B366700723F59 /* bands.json */; };
		375FA5401E0B36A700723F59 /* Alamofire.framework in Frameworks */ = {isa = PBXBuildFile; fileRef = 375FA53F1E0B36A700723F59 /* Alamofire.framework */; };
		375FA5431E0B378D00723F59 /* BandsViewController+UITableViewDataSource.swift in Sources */ = {isa = PBXBuildFile; fileRef = 375FA5411E0B378D00723F59 /* BandsViewController+UITableViewDataSource.swift */; };
		375FA5441E0B378D00723F59 /* BandsViewController+UITableViewDelegate.swift in Sources */ = {isa = PBXBuildFile; fileRef = 375FA5421E0B378D00723F59 /* BandsViewController+UITableViewDelegate.swift */; };
		375FA5481E0B387900723F59 /* BandTableViewCell.swift in Sources */ = {isa = PBXBuildFile; fileRef = 375FA5471E0B387900723F59 /* BandTableViewCell.swift */; };
		375FA54A1E0B39F700723F59 /* RequestManager.swift in Sources */ = {isa = PBXBuildFile; fileRef = 375FA5491E0B39F700723F59 /* RequestManager.swift */; };
		375FA54C1E0B3AB100723F59 /* UIKitExtensions.swift in Sources */ = {isa = PBXBuildFile; fileRef = 375FA54B1E0B3AB100723F59 /* UIKitExtensions.swift */; };
		375FA54F1E0B3F9D00723F59 /* Band.swift in Sources */ = {isa = PBXBuildFile; fileRef = 375FA54E1E0B3F9D00723F59 /* Band.swift */; };
		375FA5531E0B44FF00723F59 /* DetailViewController.swift in Sources */ = {isa = PBXBuildFile; fileRef = 375FA5501E0B44FF00723F59 /* DetailViewController.swift */; };
		375FA55B1E0B45BC00723F59 /* RoundedImageView.swift in Sources */ = {isa = PBXBuildFile; fileRef = 375FA55A1E0B45BC00723F59 /* RoundedImageView.swift */; };
/* End PBXBuildFile section */

/* Begin PBXFileReference section */
		375FA5251E0B35E400723F59 /* Bands.app */ = {isa = PBXFileReference; explicitFileType = wrapper.application; includeInIndex = 0; path = Bands.app; sourceTree = BUILT_PRODUCTS_DIR; };
		375FA5281E0B35E400723F59 /* AppDelegate.swift */ = {isa = PBXFileReference; lastKnownFileType = sourcecode.swift; path = AppDelegate.swift; sourceTree = "<group>"; };
		375FA52D1E0B35E400723F59 /* Base */ = {isa = PBXFileReference; lastKnownFileType = file.storyboard; name = Base; path = Base.lproj/Main.storyboard; sourceTree = "<group>"; };
		375FA52F1E0B35E400723F59 /* Assets.xcassets */ = {isa = PBXFileReference; lastKnownFileType = folder.assetcatalog; path = Assets.xcassets; sourceTree = "<group>"; };
		375FA5321E0B35E400723F59 /* Base */ = {isa = PBXFileReference; lastKnownFileType = file.storyboard; name = Base; path = Base.lproj/LaunchScreen.storyboard; sourceTree = "<group>"; };
		375FA5341E0B35E400723F59 /* Info.plist */ = {isa = PBXFileReference; lastKnownFileType = text.plist.xml; path = Info.plist; sourceTree = "<group>"; };
		375FA53A1E0B364700723F59 /* BandsViewController.swift */ = {isa = PBXFileReference; fileEncoding = 4; lastKnownFileType = sourcecode.swift; path = BandsViewController.swift; sourceTree = "<group>"; };
		375FA53C1E0B366700723F59 /* bands.json */ = {isa = PBXFileReference; fileEncoding = 4; lastKnownFileType = text.json; path = bands.json; sourceTree = "<group>"; };
		375FA53F1E0B36A700723F59 /* Alamofire.framework */ = {isa = PBXFileReference; lastKnownFileType = wrapper.framework; path = Alamofire.framework; sourceTree = "<group>"; };
		375FA5411E0B378D00723F59 /* BandsViewController+UITableViewDataSource.swift */ = {isa = PBXFileReference; fileEncoding = 4; lastKnownFileType = sourcecode.swift; path = "BandsViewController+UITableViewDataSource.swift"; sourceTree = "<group>"; };
		375FA5421E0B378D00723F59 /* BandsViewController+UITableViewDelegate.swift */ = {isa = PBXFileReference; fileEncoding = 4; lastKnownFileType = sourcecode.swift; path = "BandsViewController+UITableViewDelegate.swift"; sourceTree = "<group>"; };
		375FA5471E0B387900723F59 /* BandTableViewCell.swift */ = {isa = PBXFileReference; fileEncoding = 4; lastKnownFileType = sourcecode.swift; path = BandTableViewCell.swift; sourceTree = "<group>"; };
		375FA5491E0B39F700723F59 /* RequestManager.swift */ = {isa = PBXFileReference; fileEncoding = 4; lastKnownFileType = sourcecode.swift; path = RequestManager.swift; sourceTree = "<group>"; };
		375FA54B1E0B3AB100723F59 /* UIKitExtensions.swift */ = {isa = PBXFileReference; fileEncoding = 4; lastKnownFileType = sourcecode.swift; path = UIKitExtensions.swift; sourceTree = "<group>"; };
		375FA54E1E0B3F9D00723F59 /* Band.swift */ = {isa = PBXFileReference; fileEncoding = 4; lastKnownFileType = sourcecode.swift; path = Band.swift; sourceTree = "<group>"; };
		375FA5501E0B44FF00723F59 /* DetailViewController.swift */ = {isa = PBXFileReference; fileEncoding = 4; lastKnownFileType = sourcecode.swift; path = DetailViewController.swift; sourceTree = "<group>"; };
		375FA55A1E0B45BC00723F59 /* RoundedImageView.swift */ = {isa = PBXFileReference; fileEncoding = 4; lastKnownFileType = sourcecode.swift; path = RoundedImageView.swift; sourceTree = "<group>"; };
/* End PBXFileReference section */

/* Begin PBXFrameworksBuildPhase section */
		375FA5221E0B35E400723F59 /* Frameworks */ = {
			isa = PBXFrameworksBuildPhase;
			buildActionMask = 2147483647;
			files = (
				375FA5401E0B36A700723F59 /* Alamofire.framework in Frameworks */,
			);
			runOnlyForDeploymentPostprocessing = 0;
		};
/* End PBXFrameworksBuildPhase section */

/* Begin PBXGroup section */
		375FA51C1E0B35E400723F59 = {
			isa = PBXGroup;
			children = (
				375FA53E1E0B369000723F59 /* Frameworks */,
				375FA5271E0B35E400723F59 /* Bands */,
				375FA5261E0B35E400723F59 /* Products */,
			);
			sourceTree = "<group>";
		};
		375FA5261E0B35E400723F59 /* Products */ = {
			isa = PBXGroup;
			children = (
				375FA5251E0B35E400723F59 /* Bands.app */,
			);
			name = Products;
			sourceTree = "<group>";
		};
		375FA5271E0B35E400723F59 /* Bands */ = {
			isa = PBXGroup;
			children = (
				379CDB911E0B5AEC00408B3B /* Model */,
				379CDB921E0B5AF500408B3B /* Controller */,
				379CDB931E0B5AFE00408B3B /* Interface */,
				379CDB901E0B5ADB00408B3B /* Supporting Files */,
			);
			path = Bands;
			sourceTree = "<group>";
		};
		375FA53E1E0B369000723F59 /* Frameworks */ = {
			isa = PBXGroup;
			children = (
				375FA53F1E0B36A700723F59 /* Alamofire.framework */,
			);
			name = Frameworks;
			sourceTree = "<group>";
		};
		379CDB901E0B5ADB00408B3B /* Supporting Files */ = {
			isa = PBXGroup;
			children = (
				375FA52F1E0B35E400723F59 /* Assets.xcassets */,
				375FA53C1E0B366700723F59 /* bands.json */,
				375FA5341E0B35E400723F59 /* Info.plist */,
			);
			name = "Supporting Files";
			sourceTree = "<group>";
		};
		379CDB911E0B5AEC00408B3B /* Model */ = {
			isa = PBXGroup;
			children = (
				375FA5281E0B35E400723F59 /* AppDelegate.swift */,
				375FA54E1E0B3F9D00723F59 /* Band.swift */,
				375FA5471E0B387900723F59 /* BandTableViewCell.swift */,
				375FA5491E0B39F700723F59 /* RequestManager.swift */,
				375FA55A1E0B45BC00723F59 /* RoundedImageView.swift */,
				375FA54B1E0B3AB100723F59 /* UIKitExtensions.swift */,
			);
			name = Model;
			sourceTree = "<group>";
		};
		379CDB921E0B5AF500408B3B /* Controller */ = {
			isa = PBXGroup;
			children = (
				375FA53A1E0B364700723F59 /* BandsViewController.swift */,
				375FA5411E0B378D00723F59 /* BandsViewController+UITableViewDataSource.swift */,
				375FA5421E0B378D00723F59 /* BandsViewController+UITableViewDelegate.swift */,
				375FA5501E0B44FF00723F59 /* DetailViewController.swift */,
			);
			name = Controller;
			sourceTree = "<group>";
		};
		379CDB931E0B5AFE00408B3B /* Interface */ = {
			isa = PBXGroup;
			children = (
				375FA5311E0B35E400723F59 /* LaunchScreen.storyboard */,
				375FA52C1E0B35E400723F59 /* Main.storyboard */,
			);
			name = Interface;
			sourceTree = "<group>";
		};
/* End PBXGroup section */

/* Begin PBXNativeTarget section */
		375FA5241E0B35E400723F59 /* Bands */ = {
			isa = PBXNativeTarget;
			buildConfigurationList = 375FA5371E0B35E400723F59 /* Build configuration list for PBXNativeTarget "Bands" */;
			buildPhases = (
				375FA5211E0B35E400723F59 /* Sources */,
				375FA5221E0B35E400723F59 /* Frameworks */,
				375FA5231E0B35E400723F59 /* Resources */,
				375FA54D1E0B3EF700723F59 /* ShellScript */,
			);
			buildRules = (
			);
			dependencies = (
			);
			name = Bands;
			productName = Bands;
			productReference = 375FA5251E0B35E400723F59 /* Bands.app */;
			productType = "com.apple.product-type.application";
		};
/* End PBXNativeTarget section */

/* Begin PBXProject section */
		375FA51D1E0B35E400723F59 /* Project object */ = {
			isa = PBXProject;
			attributes = {
				LastSwiftUpdateCheck = 0810;
				LastUpgradeCheck = 0810;
				ORGANIZATIONNAME = "Rodrigo Kreutz";
				TargetAttributes = {
					375FA5241E0B35E400723F59 = {
						CreatedOnToolsVersion = 8.1;
						DevelopmentTeam = 49K39S52K6;
						ProvisioningStyle = Automatic;
					};
				};
			};
			buildConfigurationList = 375FA5201E0B35E400723F59 /* Build configuration list for PBXProject "Bands" */;
			compatibilityVersion = "Xcode 3.2";
			developmentRegion = English;
			hasScannedForEncodings = 0;
			knownRegions = (
				en,
				Base,
			);
			mainGroup = 375FA51C1E0B35E400723F59;
			productRefGroup = 375FA5261E0B35E400723F59 /* Products */;
			projectDirPath = "";
			projectRoot = "";
			targets = (
				375FA5241E0B35E400723F59 /* Bands */,
			);
		};
/* End PBXProject section */

/* Begin PBXResourcesBuildPhase section */
		375FA5231E0B35E400723F59 /* Resources */ = {
			isa = PBXResourcesBuildPhase;
			buildActionMask = 2147483647;
			files = (
				375FA5331E0B35E400723F59 /* LaunchScreen.storyboard in Resources */,
				375FA5301E0B35E400723F59 /* Assets.xcassets in Resources */,
				375FA53D1E0B366700723F59 /* bands.json in Resources */,
				375FA52E1E0B35E400723F59 /* Main.storyboard in Resources */,
			);
			runOnlyForDeploymentPostprocessing = 0;
		};
/* End PBXResourcesBuildPhase section */

/* Begin PBXShellScriptBuildPhase section */
		375FA54D1E0B3EF700723F59 /* ShellScript */ = {
			isa = PBXShellScriptBuildPhase;
			buildActionMask = 2147483647;
			files = (
			);
			inputPaths = (
				"$(SRCROOT)/Alamofire.framework",
			);
			outputPaths = (
			);
			runOnlyForDeploymentPostprocessing = 0;
			shellPath = /bin/sh;
			shellScript = "/usr/local/bin/carthage copy-frameworks";
		};
/* End PBXShellScriptBuildPhase section */

/* Begin PBXSourcesBuildPhase section */
		375FA5211E0B35E400723F59 /* Sources */ = {
			isa = PBXSourcesBuildPhase;
			buildActionMask = 2147483647;
			files = (
				375FA5531E0B44FF00723F59 /* DetailViewController.swift in Sources */,
				375FA5481E0B387900723F59 /* BandTableViewCell.swift in Sources */,
				375FA53B1E0B364700723F59 /* BandsViewController.swift in Sources */,
				375FA54F1E0B3F9D00723F59 /* Band.swift in Sources */,
				375FA5431E0B378D00723F59 /* BandsViewController+UITableViewDataSource.swift in Sources */,
				375FA54A1E0B39F700723F59 /* RequestManager.swift in Sources */,
				375FA5291E0B35E400723F59 /* AppDelegate.swift in Sources */,
				375FA54C1E0B3AB100723F59 /* UIKitExtensions.swift in Sources */,
				375FA55B1E0B45BC00723F59 /* RoundedImageView.swift in Sources */,
				375FA5441E0B378D00723F59 /* BandsViewController+UITableViewDelegate.swift in Sources */,
			);
			runOnlyForDeploymentPostprocessing = 0;
		};
/* End PBXSourcesBuildPhase section */

/* Begin PBXVariantGroup section */
		375FA52C1E0B35E400723F59 /* Main.storyboard */ = {
			isa = PBXVariantGroup;
			children = (
				375FA52D1E0B35E400723F59 /* Base */,
			);
			name = Main.storyboard;
			sourceTree = "<group>";
		};
		375FA5311E0B35E400723F59 /* LaunchScreen.storyboard */ = {
			isa = PBXVariantGroup;
			children = (
				375FA5321E0B35E400723F59 /* Base */,
			);
			name = LaunchScreen.storyboard;
			sourceTree = "<group>";
		};
/* End PBXVariantGroup section */

/* Begin XCBuildConfiguration section */
		375FA5351E0B35E400723F59 /* Debug */ = {
			isa = XCBuildConfiguration;
			buildSettings = {
				ALWAYS_SEARCH_USER_PATHS = NO;
				CLANG_ANALYZER_NONNULL = YES;
				CLANG_CXX_LANGUAGE_STANDARD = "gnu++0x";
				CLANG_CXX_LIBRARY = "libc++";
				CLANG_ENABLE_MODULES = YES;
				CLANG_ENABLE_OBJC_ARC = YES;
				CLANG_WARN_BOOL_CONVERSION = YES;
				CLANG_WARN_CONSTANT_CONVERSION = YES;
				CLANG_WARN_DIRECT_OBJC_ISA_USAGE = YES_ERROR;
				CLANG_WARN_DOCUMENTATION_COMMENTS = YES;
				CLANG_WARN_EMPTY_BODY = YES;
				CLANG_WARN_ENUM_CONVERSION = YES;
				CLANG_WARN_INFINITE_RECURSION = YES;
				CLANG_WARN_INT_CONVERSION = YES;
				CLANG_WARN_OBJC_ROOT_CLASS = YES_ERROR;
				CLANG_WARN_SUSPICIOUS_MOVES = YES;
				CLANG_WARN_UNREACHABLE_CODE = YES;
				CLANG_WARN__DUPLICATE_METHOD_MATCH = YES;
				"CODE_SIGN_IDENTITY[sdk=iphoneos*]" = "iPhone Developer";
				COPY_PHASE_STRIP = NO;
				DEBUG_INFORMATION_FORMAT = dwarf;
				ENABLE_STRICT_OBJC_MSGSEND = YES;
				ENABLE_TESTABILITY = YES;
				GCC_C_LANGUAGE_STANDARD = gnu99;
				GCC_DYNAMIC_NO_PIC = NO;
				GCC_NO_COMMON_BLOCKS = YES;
				GCC_OPTIMIZATION_LEVEL = 0;
				GCC_PREPROCESSOR_DEFINITIONS = (
					"DEBUG=1",
					"$(inherited)",
				);
				GCC_WARN_64_TO_32_BIT_CONVERSION = YES;
				GCC_WARN_ABOUT_RETURN_TYPE = YES_ERROR;
				GCC_WARN_UNDECLARED_SELECTOR = YES;
				GCC_WARN_UNINITIALIZED_AUTOS = YES_AGGRESSIVE;
				GCC_WARN_UNUSED_FUNCTION = YES;
				GCC_WARN_UNUSED_VARIABLE = YES;
				IPHONEOS_DEPLOYMENT_TARGET = 10.1;
				MTL_ENABLE_DEBUG_INFO = YES;
				ONLY_ACTIVE_ARCH = YES;
				SDKROOT = iphoneos;
				SWIFT_ACTIVE_COMPILATION_CONDITIONS = DEBUG;
				SWIFT_OPTIMIZATION_LEVEL = "-Onone";
				TARGETED_DEVICE_FAMILY = "1,2";
			};
			name = Debug;
		};
		375FA5361E0B35E400723F59 /* Release */ = {
			isa = XCBuildConfiguration;
			buildSettings = {
				ALWAYS_SEARCH_USER_PATHS = NO;
				CLANG_ANALYZER_NONNULL = YES;
				CLANG_CXX_LANGUAGE_STANDARD = "gnu++0x";
				CLANG_CXX_LIBRARY = "libc++";
				CLANG_ENABLE_MODULES = YES;
				CLANG_ENABLE_OBJC_ARC = YES;
				CLANG_WARN_BOOL_CONVERSION = YES;
				CLANG_WARN_CONSTANT_CONVERSION = YES;
				CLANG_WARN_DIRECT_OBJC_ISA_USAGE = YES_ERROR;
				CLANG_WARN_DOCUMENTATION_COMMENTS = YES;
				CLANG_WARN_EMPTY_BODY = YES;
				CLANG_WARN_ENUM_CONVERSION = YES;
				CLANG_WARN_INFINITE_RECURSION = YES;
				CLANG_WARN_INT_CONVERSION = YES;
				CLANG_WARN_OBJC_ROOT_CLASS = YES_ERROR;
				CLANG_WARN_SUSPICIOUS_MOVES = YES;
				CLANG_WARN_UNREACHABLE_CODE = YES;
				CLANG_WARN__DUPLICATE_METHOD_MATCH = YES;
				"CODE_SIGN_IDENTITY[sdk=iphoneos*]" = "iPhone Developer";
				COPY_PHASE_STRIP = NO;
				DEBUG_INFORMATION_FORMAT = "dwarf-with-dsym";
				ENABLE_NS_ASSERTIONS = NO;
				ENABLE_STRICT_OBJC_MSGSEND = YES;
				GCC_C_LANGUAGE_STANDARD = gnu99;
				GCC_NO_COMMON_BLOCKS = YES;
				GCC_WARN_64_TO_32_BIT_CONVERSION = YES;
				GCC_WARN_ABOUT_RETURN_TYPE = YES_ERROR;
				GCC_WARN_UNDECLARED_SELECTOR = YES;
				GCC_WARN_UNINITIALIZED_AUTOS = YES_AGGRESSIVE;
				GCC_WARN_UNUSED_FUNCTION = YES;
				GCC_WARN_UNUSED_VARIABLE = YES;
				IPHONEOS_DEPLOYMENT_TARGET = 10.1;
				MTL_ENABLE_DEBUG_INFO = NO;
				SDKROOT = iphoneos;
				SWIFT_OPTIMIZATION_LEVEL = "-Owholemodule";
				TARGETED_DEVICE_FAMILY = "1,2";
				VALIDATE_PRODUCT = YES;
			};
			name = Release;
		};
		375FA5381E0B35E400723F59 /* Debug */ = {
			isa = XCBuildConfiguration;
			buildSettings = {
				ASSETCATALOG_COMPILER_APPICON_NAME = AppIcon;
				DEVELOPMENT_TEAM = 49K39S52K6;
				FRAMEWORK_SEARCH_PATHS = (
					"$(inherited)",
					"$(PROJECT_DIR)",
				);
				INFOPLIST_FILE = Bands/Info.plist;
				LD_RUNPATH_SEARCH_PATHS = "$(inherited) @executable_path/Frameworks";
				PRODUCT_BUNDLE_IDENTIFIER = rkreutz.Bands;
				PRODUCT_NAME = "$(TARGET_NAME)";
				SWIFT_VERSION = 3.0;
			};
			name = Debug;
		};
		375FA5391E0B35E400723F59 /* Release */ = {
			isa = XCBuildConfiguration;
			buildSettings = {
				ASSETCATALOG_COMPILER_APPICON_NAME = AppIcon;
				DEVELOPMENT_TEAM = 49K39S52K6;
				FRAMEWORK_SEARCH_PATHS = (
					"$(inherited)",
					"$(PROJECT_DIR)",
				);
				INFOPLIST_FILE = Bands/Info.plist;
				LD_RUNPATH_SEARCH_PATHS = "$(inherited) @executable_path/Frameworks";
				PRODUCT_BUNDLE_IDENTIFIER = rkreutz.Bands;
				PRODUCT_NAME = "$(TARGET_NAME)";
				SWIFT_VERSION = 3.0;
			};
			name = Release;
		};
/* End XCBuildConfiguration section */

/* Begin XCConfigurationList section */
		375FA5201E0B35E400723F59 /* Build configuration list for PBXProject "Bands" */ = {
			isa = XCConfigurationList;
			buildConfigurations = (
				375FA5351E0B35E400723F59 /* Debug */,
				375FA5361E0B35E400723F59 /* Release */,
			);
			defaultConfigurationIsVisible = 0;
			defaultConfigurationName = Release;
		};
		375FA5371E0B35E400723F59 /* Build configuration list for PBXNativeTarget "Bands" */ = {
			isa = XCConfigurationList;
			buildConfigurations = (
				375FA5381E0B35E400723F59 /* Debug */,
				375FA5391E0B35E400723F59 /* Release */,
			);
			defaultConfigurationIsVisible = 0;
			defaultConfigurationName = Release;
		};
/* End XCConfigurationList section */
	};
	rootObject = 375FA51D1E0B35E400723F59 /* Project object */;
}
